// !$*UTF8*$!
{
	archiveVersion = 1;
	classes = {
	};
	objectVersion = 56;
	objects = {

/* Begin PBXBuildFile section */
		08793AFB29DBFE500024A431 /* Nexa-XBold.ttf in Resources */ = {isa = PBXBuildFile; fileRef = 08793AF829DBFE500024A431 /* Nexa-XBold.ttf */; };
		08793AFC29DBFE500024A431 /* Nexa-Bold.ttf in Resources */ = {isa = PBXBuildFile; fileRef = 08793AF929DBFE500024A431 /* Nexa-Bold.ttf */; };
		08793B0029DC0A520024A431 /* Nexa-Regular.otf in Resources */ = {isa = PBXBuildFile; fileRef = 08793AFF29DC0A520024A431 /* Nexa-Regular.otf */; };
		087E32CB29DB22A1008ABE98 /* BaluchonApp.swift in Sources */ = {isa = PBXBuildFile; fileRef = 087E32CA29DB22A1008ABE98 /* BaluchonApp.swift */; };
		087E32CD29DB22A1008ABE98 /* TranslationView.swift in Sources */ = {isa = PBXBuildFile; fileRef = 087E32CC29DB22A1008ABE98 /* TranslationView.swift */; };
		087E32CF29DB22A5008ABE98 /* Assets.xcassets in Resources */ = {isa = PBXBuildFile; fileRef = 087E32CE29DB22A5008ABE98 /* Assets.xcassets */; };
		087E32D229DB22A5008ABE98 /* Preview Assets.xcassets in Resources */ = {isa = PBXBuildFile; fileRef = 087E32D129DB22A5008ABE98 /* Preview Assets.xcassets */; };
		087E32DC29DB22A6008ABE98 /* BaluchonTests.swift in Sources */ = {isa = PBXBuildFile; fileRef = 087E32DB29DB22A6008ABE98 /* BaluchonTests.swift */; };
		087E32E629DB22A6008ABE98 /* BaluchonUITests.swift in Sources */ = {isa = PBXBuildFile; fileRef = 087E32E529DB22A6008ABE98 /* BaluchonUITests.swift */; };
		087E32E829DB22A6008ABE98 /* BaluchonUITestsLaunchTests.swift in Sources */ = {isa = PBXBuildFile; fileRef = 087E32E729DB22A6008ABE98 /* BaluchonUITestsLaunchTests.swift */; };
		087E32F529DB34E6008ABE98 /* Style.swift in Sources */ = {isa = PBXBuildFile; fileRef = 087E32F429DB34E6008ABE98 /* Style.swift */; };
		087F1A4F29DF2067007BF770 /* TranslationButton.swift in Sources */ = {isa = PBXBuildFile; fileRef = 087F1A4E29DF2067007BF770 /* TranslationButton.swift */; };
		088CD11B29E591140007A742 /* WidgetDaily.swift in Sources */ = {isa = PBXBuildFile; fileRef = 088CD11A29E591140007A742 /* WidgetDaily.swift */; };
		088CD11D29E5916C0007A742 /* WidgetHourly.swift in Sources */ = {isa = PBXBuildFile; fileRef = 088CD11C29E5916C0007A742 /* WidgetHourly.swift */; };
		088CD11F29E591B50007A742 /* WidgetWeekly.swift in Sources */ = {isa = PBXBuildFile; fileRef = 088CD11E29E591B50007A742 /* WidgetWeekly.swift */; };
		0890319429E1796B000EF722 /* TranslationTextField.swift in Sources */ = {isa = PBXBuildFile; fileRef = 0890319329E1796B000EF722 /* TranslationTextField.swift */; };
		089248FF29E525320025DB33 /* ConverterView.swift in Sources */ = {isa = PBXBuildFile; fileRef = 089248FE29E525320025DB33 /* ConverterView.swift */; };
		0892490129E531730025DB33 /* CurrencyButton.swift in Sources */ = {isa = PBXBuildFile; fileRef = 0892490029E531730025DB33 /* CurrencyButton.swift */; };
		0892490329E5325C0025DB33 /* CurrencyInput.swift in Sources */ = {isa = PBXBuildFile; fileRef = 0892490229E5325C0025DB33 /* CurrencyInput.swift */; };
		0892490529E53C110025DB33 /* ChartsButton.swift in Sources */ = {isa = PBXBuildFile; fileRef = 0892490429E53C110025DB33 /* ChartsButton.swift */; };
		0892490929E546440025DB33 /* WeatherView.swift in Sources */ = {isa = PBXBuildFile; fileRef = 0892490829E546440025DB33 /* WeatherView.swift */; };
/* End PBXBuildFile section */

/* Begin PBXContainerItemProxy section */
		087E32D829DB22A6008ABE98 /* PBXContainerItemProxy */ = {
			isa = PBXContainerItemProxy;
			containerPortal = 087E32BF29DB22A0008ABE98 /* Project object */;
			proxyType = 1;
			remoteGlobalIDString = 087E32C629DB22A0008ABE98;
			remoteInfo = Baluchon;
		};
		087E32E229DB22A6008ABE98 /* PBXContainerItemProxy */ = {
			isa = PBXContainerItemProxy;
			containerPortal = 087E32BF29DB22A0008ABE98 /* Project object */;
			proxyType = 1;
			remoteGlobalIDString = 087E32C629DB22A0008ABE98;
			remoteInfo = Baluchon;
		};
/* End PBXContainerItemProxy section */

/* Begin PBXFileReference section */
		08793AF829DBFE500024A431 /* Nexa-XBold.ttf */ = {isa = PBXFileReference; lastKnownFileType = file; name = "Nexa-XBold.ttf"; path = "../../../../../../../../../../Library/Fonts/Nexa-XBold.ttf"; sourceTree = "<group>"; };
		08793AF929DBFE500024A431 /* Nexa-Bold.ttf */ = {isa = PBXFileReference; lastKnownFileType = file; name = "Nexa-Bold.ttf"; path = "../../../../../../../../../../Library/Fonts/Nexa-Bold.ttf"; sourceTree = "<group>"; };
		08793AFE29DBFECC0024A431 /* Info.plist */ = {isa = PBXFileReference; lastKnownFileType = text.plist.xml; path = Info.plist; sourceTree = "<group>"; };
		08793AFF29DC0A520024A431 /* Nexa-Regular.otf */ = {isa = PBXFileReference; lastKnownFileType = file; name = "Nexa-Regular.otf"; path = "../../../../../../../../../../Library/Fonts/Nexa-Regular.otf"; sourceTree = "<group>"; };
		087E32C729DB22A0008ABE98 /* Baluchon.app */ = {isa = PBXFileReference; explicitFileType = wrapper.application; includeInIndex = 0; path = Baluchon.app; sourceTree = BUILT_PRODUCTS_DIR; };
		087E32CA29DB22A1008ABE98 /* BaluchonApp.swift */ = {isa = PBXFileReference; lastKnownFileType = sourcecode.swift; path = BaluchonApp.swift; sourceTree = "<group>"; };
		087E32CC29DB22A1008ABE98 /* TranslationView.swift */ = {isa = PBXFileReference; lastKnownFileType = sourcecode.swift; path = TranslationView.swift; sourceTree = "<group>"; };
		087E32CE29DB22A5008ABE98 /* Assets.xcassets */ = {isa = PBXFileReference; lastKnownFileType = folder.assetcatalog; path = Assets.xcassets; sourceTree = "<group>"; };
		087E32D129DB22A5008ABE98 /* Preview Assets.xcassets */ = {isa = PBXFileReference; lastKnownFileType = folder.assetcatalog; path = "Preview Assets.xcassets"; sourceTree = "<group>"; };
		087E32D729DB22A6008ABE98 /* BaluchonTests.xctest */ = {isa = PBXFileReference; explicitFileType = wrapper.cfbundle; includeInIndex = 0; path = BaluchonTests.xctest; sourceTree = BUILT_PRODUCTS_DIR; };
		087E32DB29DB22A6008ABE98 /* BaluchonTests.swift */ = {isa = PBXFileReference; lastKnownFileType = sourcecode.swift; path = BaluchonTests.swift; sourceTree = "<group>"; };
		087E32E129DB22A6008ABE98 /* BaluchonUITests.xctest */ = {isa = PBXFileReference; explicitFileType = wrapper.cfbundle; includeInIndex = 0; path = BaluchonUITests.xctest; sourceTree = BUILT_PRODUCTS_DIR; };
		087E32E529DB22A6008ABE98 /* BaluchonUITests.swift */ = {isa = PBXFileReference; lastKnownFileType = sourcecode.swift; path = BaluchonUITests.swift; sourceTree = "<group>"; };
		087E32E729DB22A6008ABE98 /* BaluchonUITestsLaunchTests.swift */ = {isa = PBXFileReference; lastKnownFileType = sourcecode.swift; path = BaluchonUITestsLaunchTests.swift; sourceTree = "<group>"; };
		087E32F429DB34E6008ABE98 /* Style.swift */ = {isa = PBXFileReference; lastKnownFileType = sourcecode.swift; path = Style.swift; sourceTree = "<group>"; };
		087F1A4E29DF2067007BF770 /* TranslationButton.swift */ = {isa = PBXFileReference; lastKnownFileType = sourcecode.swift; path = TranslationButton.swift; sourceTree = "<group>"; };
		088CD11A29E591140007A742 /* WidgetDaily.swift */ = {isa = PBXFileReference; lastKnownFileType = sourcecode.swift; path = WidgetDaily.swift; sourceTree = "<group>"; };
		088CD11C29E5916C0007A742 /* WidgetHourly.swift */ = {isa = PBXFileReference; lastKnownFileType = sourcecode.swift; path = WidgetHourly.swift; sourceTree = "<group>"; };
		088CD11E29E591B50007A742 /* WidgetWeekly.swift */ = {isa = PBXFileReference; lastKnownFileType = sourcecode.swift; path = WidgetWeekly.swift; sourceTree = "<group>"; };
		0890319329E1796B000EF722 /* TranslationTextField.swift */ = {isa = PBXFileReference; lastKnownFileType = sourcecode.swift; path = TranslationTextField.swift; sourceTree = "<group>"; };
		089248FE29E525320025DB33 /* ConverterView.swift */ = {isa = PBXFileReference; lastKnownFileType = sourcecode.swift; path = ConverterView.swift; sourceTree = "<group>"; };
		0892490029E531730025DB33 /* CurrencyButton.swift */ = {isa = PBXFileReference; lastKnownFileType = sourcecode.swift; path = CurrencyButton.swift; sourceTree = "<group>"; };
		0892490229E5325C0025DB33 /* CurrencyInput.swift */ = {isa = PBXFileReference; lastKnownFileType = sourcecode.swift; path = CurrencyInput.swift; sourceTree = "<group>"; };
		0892490429E53C110025DB33 /* ChartsButton.swift */ = {isa = PBXFileReference; lastKnownFileType = sourcecode.swift; path = ChartsButton.swift; sourceTree = "<group>"; };
		0892490829E546440025DB33 /* WeatherView.swift */ = {isa = PBXFileReference; lastKnownFileType = sourcecode.swift; path = WeatherView.swift; sourceTree = "<group>"; };
/* End PBXFileReference section */

/* Begin PBXFrameworksBuildPhase section */
		087E32C429DB22A0008ABE98 /* Frameworks */ = {
			isa = PBXFrameworksBuildPhase;
			buildActionMask = 2147483647;
			files = (
			);
			runOnlyForDeploymentPostprocessing = 0;
		};
		087E32D429DB22A6008ABE98 /* Frameworks */ = {
			isa = PBXFrameworksBuildPhase;
			buildActionMask = 2147483647;
			files = (
			);
			runOnlyForDeploymentPostprocessing = 0;
		};
		087E32DE29DB22A6008ABE98 /* Frameworks */ = {
			isa = PBXFrameworksBuildPhase;
			buildActionMask = 2147483647;
			files = (
			);
			runOnlyForDeploymentPostprocessing = 0;
		};
/* End PBXFrameworksBuildPhase section */

/* Begin PBXGroup section */
		08793AEE29DBFCD60024A431 /* Fonts */ = {
			isa = PBXGroup;
			children = (
				08793AFF29DC0A520024A431 /* Nexa-Regular.otf */,
				08793AF929DBFE500024A431 /* Nexa-Bold.ttf */,
				08793AF829DBFE500024A431 /* Nexa-XBold.ttf */,
			);
			path = Fonts;
			sourceTree = "<group>";
		};
		087E32BE29DB22A0008ABE98 = {
			isa = PBXGroup;
			children = (
				087E32C929DB22A0008ABE98 /* Baluchon */,
				087E32DA29DB22A6008ABE98 /* BaluchonTests */,
				087E32E429DB22A6008ABE98 /* BaluchonUITests */,
				087E32C829DB22A0008ABE98 /* Products */,
			);
			sourceTree = "<group>";
		};
		087E32C829DB22A0008ABE98 /* Products */ = {
			isa = PBXGroup;
			children = (
				087E32C729DB22A0008ABE98 /* Baluchon.app */,
				087E32D729DB22A6008ABE98 /* BaluchonTests.xctest */,
				087E32E129DB22A6008ABE98 /* BaluchonUITests.xctest */,
			);
			name = Products;
			sourceTree = "<group>";
		};
		087E32C929DB22A0008ABE98 /* Baluchon */ = {
			isa = PBXGroup;
			children = (
				08AD087A29ED0BAE006624FF /* Application */,
				08AD087E29ED0BE5006624FF /* Presentation */,
				08AD087D29ED0BD0006624FF /* Extensions */,
			);
			path = Baluchon;
			sourceTree = "<group>";
		};
		087E32D029DB22A5008ABE98 /* Preview Content */ = {
			isa = PBXGroup;
			children = (
				087E32D129DB22A5008ABE98 /* Preview Assets.xcassets */,
			);
			path = "Preview Content";
			sourceTree = "<group>";
		};
		087E32DA29DB22A6008ABE98 /* BaluchonTests */ = {
			isa = PBXGroup;
			children = (
				087E32DB29DB22A6008ABE98 /* BaluchonTests.swift */,
			);
			path = BaluchonTests;
			sourceTree = "<group>";
		};
		087E32E429DB22A6008ABE98 /* BaluchonUITests */ = {
			isa = PBXGroup;
			children = (
				087E32E529DB22A6008ABE98 /* BaluchonUITests.swift */,
				087E32E729DB22A6008ABE98 /* BaluchonUITestsLaunchTests.swift */,
			);
			path = BaluchonUITests;
			sourceTree = "<group>";
		};
		08AD087A29ED0BAE006624FF /* Application */ = {
			isa = PBXGroup;
			children = (
				08AD088829ED115D006624FF /* Assets  */,
				087E32CA29DB22A1008ABE98 /* BaluchonApp.swift */,
				08793AFE29DBFECC0024A431 /* Info.plist */,
			);
			path = Application;
			sourceTree = "<group>";
		};
		08AD087D29ED0BD0006624FF /* Extensions */ = {
			isa = PBXGroup;
			children = (
				087E32F429DB34E6008ABE98 /* Style.swift */,
			);
			path = Extensions;
			sourceTree = "<group>";
		};
		08AD087E29ED0BE5006624FF /* Presentation */ = {
			isa = PBXGroup;
			children = (
				08AD087F29ED0CB3006624FF /* Converter */,
				08AD088029ED0CC7006624FF /* Translation */,
				08AD088129ED0CD1006624FF /* Weather */,
				087E32D029DB22A5008ABE98 /* Preview Content */,
			);
			path = Presentation;
			sourceTree = "<group>";
		};
		08AD087F29ED0CB3006624FF /* Converter */ = {
			isa = PBXGroup;
			children = (
				08AD088229ED0CFC006624FF /* View */,
				08AD088729ED0D1B006624FF /* Component */,
			);
			path = Converter;
			sourceTree = "<group>";
		};
		08AD088029ED0CC7006624FF /* Translation */ = {
			isa = PBXGroup;
			children = (
				08AD088329ED0D03006624FF /* View */,
				08AD088629ED0D16006624FF /* Component */,
			);
			path = Translation;
			sourceTree = "<group>";
		};
		08AD088129ED0CD1006624FF /* Weather */ = {
			isa = PBXGroup;
			children = (
				08AD088429ED0D0A006624FF /* View */,
				08AD088529ED0D0F006624FF /* Component */,
			);
			path = Weather;
			sourceTree = "<group>";
		};
		08AD088229ED0CFC006624FF /* View */ = {
			isa = PBXGroup;
			children = (
				089248FE29E525320025DB33 /* ConverterView.swift */,
			);
			path = View;
			sourceTree = "<group>";
		};
		08AD088329ED0D03006624FF /* View */ = {
			isa = PBXGroup;
			children = (
				087E32CC29DB22A1008ABE98 /* TranslationView.swift */,
			);
			path = View;
			sourceTree = "<group>";
		};
		08AD088429ED0D0A006624FF /* View */ = {
			isa = PBXGroup;
			children = (
				0892490829E546440025DB33 /* WeatherView.swift */,
			);
			path = View;
			sourceTree = "<group>";
		};
		08AD088529ED0D0F006624FF /* Component */ = {
			isa = PBXGroup;
			children = (
				088CD11A29E591140007A742 /* WidgetDaily.swift */,
				088CD11C29E5916C0007A742 /* WidgetHourly.swift */,
				088CD11E29E591B50007A742 /* WidgetWeekly.swift */,
			);
			path = Component;
			sourceTree = "<group>";
		};
		08AD088629ED0D16006624FF /* Component */ = {
			isa = PBXGroup;
			children = (
				087F1A4E29DF2067007BF770 /* TranslationButton.swift */,
				0890319329E1796B000EF722 /* TranslationTextField.swift */,
			);
			path = Component;
			sourceTree = "<group>";
		};
		08AD088729ED0D1B006624FF /* Component */ = {
			isa = PBXGroup;
			children = (
				0892490029E531730025DB33 /* CurrencyButton.swift */,
				0892490229E5325C0025DB33 /* CurrencyInput.swift */,
				0892490429E53C110025DB33 /* ChartsButton.swift */,
			);
			path = Component;
			sourceTree = "<group>";
		};
		08AD088829ED115D006624FF /* Assets  */ = {
			isa = PBXGroup;
			children = (
				08793AEE29DBFCD60024A431 /* Fonts */,
				087E32CE29DB22A5008ABE98 /* Assets.xcassets */,
			);
			path = "Assets ";
			sourceTree = "<group>";
		};
/* End PBXGroup section */

/* Begin PBXNativeTarget section */
		087E32C629DB22A0008ABE98 /* Baluchon */ = {
			isa = PBXNativeTarget;
			buildConfigurationList = 087E32EB29DB22A6008ABE98 /* Build configuration list for PBXNativeTarget "Baluchon" */;
			buildPhases = (
				087E32C329DB22A0008ABE98 /* Sources */,
				087E32C429DB22A0008ABE98 /* Frameworks */,
				087E32C529DB22A0008ABE98 /* Resources */,
			);
			buildRules = (
			);
			dependencies = (
			);
			name = Baluchon;
			productName = Baluchon;
			productReference = 087E32C729DB22A0008ABE98 /* Baluchon.app */;
			productType = "com.apple.product-type.application";
		};
		087E32D629DB22A6008ABE98 /* BaluchonTests */ = {
			isa = PBXNativeTarget;
			buildConfigurationList = 087E32EE29DB22A6008ABE98 /* Build configuration list for PBXNativeTarget "BaluchonTests" */;
			buildPhases = (
				087E32D329DB22A6008ABE98 /* Sources */,
				087E32D429DB22A6008ABE98 /* Frameworks */,
				087E32D529DB22A6008ABE98 /* Resources */,
			);
			buildRules = (
			);
			dependencies = (
				087E32D929DB22A6008ABE98 /* PBXTargetDependency */,
			);
			name = BaluchonTests;
			productName = BaluchonTests;
			productReference = 087E32D729DB22A6008ABE98 /* BaluchonTests.xctest */;
			productType = "com.apple.product-type.bundle.unit-test";
		};
		087E32E029DB22A6008ABE98 /* BaluchonUITests */ = {
			isa = PBXNativeTarget;
			buildConfigurationList = 087E32F129DB22A6008ABE98 /* Build configuration list for PBXNativeTarget "BaluchonUITests" */;
			buildPhases = (
				087E32DD29DB22A6008ABE98 /* Sources */,
				087E32DE29DB22A6008ABE98 /* Frameworks */,
				087E32DF29DB22A6008ABE98 /* Resources */,
			);
			buildRules = (
			);
			dependencies = (
				087E32E329DB22A6008ABE98 /* PBXTargetDependency */,
			);
			name = BaluchonUITests;
			productName = BaluchonUITests;
			productReference = 087E32E129DB22A6008ABE98 /* BaluchonUITests.xctest */;
			productType = "com.apple.product-type.bundle.ui-testing";
		};
/* End PBXNativeTarget section */

/* Begin PBXProject section */
		087E32BF29DB22A0008ABE98 /* Project object */ = {
			isa = PBXProject;
			attributes = {
				BuildIndependentTargetsInParallel = 1;
				LastSwiftUpdateCheck = 1400;
				LastUpgradeCheck = 1400;
				TargetAttributes = {
					087E32C629DB22A0008ABE98 = {
						CreatedOnToolsVersion = 14.0;
					};
					087E32D629DB22A6008ABE98 = {
						CreatedOnToolsVersion = 14.0;
						TestTargetID = 087E32C629DB22A0008ABE98;
					};
					087E32E029DB22A6008ABE98 = {
						CreatedOnToolsVersion = 14.0;
						TestTargetID = 087E32C629DB22A0008ABE98;
					};
				};
			};
			buildConfigurationList = 087E32C229DB22A0008ABE98 /* Build configuration list for PBXProject "Baluchon" */;
			compatibilityVersion = "Xcode 14.0";
			developmentRegion = en;
			hasScannedForEncodings = 0;
			knownRegions = (
				en,
				Base,
			);
			mainGroup = 087E32BE29DB22A0008ABE98;
			productRefGroup = 087E32C829DB22A0008ABE98 /* Products */;
			projectDirPath = "";
			projectRoot = "";
			targets = (
				087E32C629DB22A0008ABE98 /* Baluchon */,
				087E32D629DB22A6008ABE98 /* BaluchonTests */,
				087E32E029DB22A6008ABE98 /* BaluchonUITests */,
			);
		};
/* End PBXProject section */

/* Begin PBXResourcesBuildPhase section */
		087E32C529DB22A0008ABE98 /* Resources */ = {
			isa = PBXResourcesBuildPhase;
			buildActionMask = 2147483647;
			files = (
				08793AFB29DBFE500024A431 /* Nexa-XBold.ttf in Resources */,
				087E32D229DB22A5008ABE98 /* Preview Assets.xcassets in Resources */,
				087E32CF29DB22A5008ABE98 /* Assets.xcassets in Resources */,
				08793AFC29DBFE500024A431 /* Nexa-Bold.ttf in Resources */,
				08793B0029DC0A520024A431 /* Nexa-Regular.otf in Resources */,
			);
			runOnlyForDeploymentPostprocessing = 0;
		};
		087E32D529DB22A6008ABE98 /* Resources */ = {
			isa = PBXResourcesBuildPhase;
			buildActionMask = 2147483647;
			files = (
			);
			runOnlyForDeploymentPostprocessing = 0;
		};
		087E32DF29DB22A6008ABE98 /* Resources */ = {
			isa = PBXResourcesBuildPhase;
			buildActionMask = 2147483647;
			files = (
			);
			runOnlyForDeploymentPostprocessing = 0;
		};
/* End PBXResourcesBuildPhase section */

/* Begin PBXSourcesBuildPhase section */
		087E32C329DB22A0008ABE98 /* Sources */ = {
			isa = PBXSourcesBuildPhase;
			buildActionMask = 2147483647;
			files = (
				087E32CD29DB22A1008ABE98 /* TranslationView.swift in Sources */,
				0892490329E5325C0025DB33 /* CurrencyInput.swift in Sources */,
				0892490129E531730025DB33 /* CurrencyButton.swift in Sources */,
				087F1A4F29DF2067007BF770 /* TranslationButton.swift in Sources */,
				087E32F529DB34E6008ABE98 /* Style.swift in Sources */,
				0892490929E546440025DB33 /* WeatherView.swift in Sources */,
				089248FF29E525320025DB33 /* ConverterView.swift in Sources */,
				0892490529E53C110025DB33 /* ChartsButton.swift in Sources */,
				088CD11D29E5916C0007A742 /* WidgetHourly.swift in Sources */,
				088CD11F29E591B50007A742 /* WidgetWeekly.swift in Sources */,
				0890319429E1796B000EF722 /* TranslationTextField.swift in Sources */,
				088CD11B29E591140007A742 /* WidgetDaily.swift in Sources */,
				087E32CB29DB22A1008ABE98 /* BaluchonApp.swift in Sources */,
			);
			runOnlyForDeploymentPostprocessing = 0;
		};
		087E32D329DB22A6008ABE98 /* Sources */ = {
			isa = PBXSourcesBuildPhase;
			buildActionMask = 2147483647;
			files = (
				087E32DC29DB22A6008ABE98 /* BaluchonTests.swift in Sources */,
			);
			runOnlyForDeploymentPostprocessing = 0;
		};
		087E32DD29DB22A6008ABE98 /* Sources */ = {
			isa = PBXSourcesBuildPhase;
			buildActionMask = 2147483647;
			files = (
				087E32E829DB22A6008ABE98 /* BaluchonUITestsLaunchTests.swift in Sources */,
				087E32E629DB22A6008ABE98 /* BaluchonUITests.swift in Sources */,
			);
			runOnlyForDeploymentPostprocessing = 0;
		};
/* End PBXSourcesBuildPhase section */

/* Begin PBXTargetDependency section */
		087E32D929DB22A6008ABE98 /* PBXTargetDependency */ = {
			isa = PBXTargetDependency;
			target = 087E32C629DB22A0008ABE98 /* Baluchon */;
			targetProxy = 087E32D829DB22A6008ABE98 /* PBXContainerItemProxy */;
		};
		087E32E329DB22A6008ABE98 /* PBXTargetDependency */ = {
			isa = PBXTargetDependency;
			target = 087E32C629DB22A0008ABE98 /* Baluchon */;
			targetProxy = 087E32E229DB22A6008ABE98 /* PBXContainerItemProxy */;
		};
/* End PBXTargetDependency section */

/* Begin XCBuildConfiguration section */
		087E32E929DB22A6008ABE98 /* Debug */ = {
			isa = XCBuildConfiguration;
			buildSettings = {
				ALWAYS_SEARCH_USER_PATHS = NO;
				CLANG_ANALYZER_NONNULL = YES;
				CLANG_ANALYZER_NUMBER_OBJECT_CONVERSION = YES_AGGRESSIVE;
				CLANG_CXX_LANGUAGE_STANDARD = "gnu++20";
				CLANG_ENABLE_MODULES = YES;
				CLANG_ENABLE_OBJC_ARC = YES;
				CLANG_ENABLE_OBJC_WEAK = YES;
				CLANG_WARN_BLOCK_CAPTURE_AUTORELEASING = YES;
				CLANG_WARN_BOOL_CONVERSION = YES;
				CLANG_WARN_COMMA = YES;
				CLANG_WARN_CONSTANT_CONVERSION = YES;
				CLANG_WARN_DEPRECATED_OBJC_IMPLEMENTATIONS = YES;
				CLANG_WARN_DIRECT_OBJC_ISA_USAGE = YES_ERROR;
				CLANG_WARN_DOCUMENTATION_COMMENTS = YES;
				CLANG_WARN_EMPTY_BODY = YES;
				CLANG_WARN_ENUM_CONVERSION = YES;
				CLANG_WARN_INFINITE_RECURSION = YES;
				CLANG_WARN_INT_CONVERSION = YES;
				CLANG_WARN_NON_LITERAL_NULL_CONVERSION = YES;
				CLANG_WARN_OBJC_IMPLICIT_RETAIN_SELF = YES;
				CLANG_WARN_OBJC_LITERAL_CONVERSION = YES;
				CLANG_WARN_OBJC_ROOT_CLASS = YES_ERROR;
				CLANG_WARN_QUOTED_INCLUDE_IN_FRAMEWORK_HEADER = YES;
				CLANG_WARN_RANGE_LOOP_ANALYSIS = YES;
				CLANG_WARN_STRICT_PROTOTYPES = YES;
				CLANG_WARN_SUSPICIOUS_MOVE = YES;
				CLANG_WARN_UNGUARDED_AVAILABILITY = YES_AGGRESSIVE;
				CLANG_WARN_UNREACHABLE_CODE = YES;
				CLANG_WARN__DUPLICATE_METHOD_MATCH = YES;
				COPY_PHASE_STRIP = NO;
				DEBUG_INFORMATION_FORMAT = dwarf;
				ENABLE_STRICT_OBJC_MSGSEND = YES;
				ENABLE_TESTABILITY = YES;
				GCC_C_LANGUAGE_STANDARD = gnu11;
				GCC_DYNAMIC_NO_PIC = NO;
				GCC_NO_COMMON_BLOCKS = YES;
				GCC_OPTIMIZATION_LEVEL = 0;
				GCC_PREPROCESSOR_DEFINITIONS = (
					"DEBUG=1",
					"$(inherited)",
				);
				GCC_WARN_64_TO_32_BIT_CONVERSION = YES;
				GCC_WARN_ABOUT_RETURN_TYPE = YES_ERROR;
				GCC_WARN_UNDECLARED_SELECTOR = YES;
				GCC_WARN_UNINITIALIZED_AUTOS = YES_AGGRESSIVE;
				GCC_WARN_UNUSED_FUNCTION = YES;
				GCC_WARN_UNUSED_VARIABLE = YES;
				IPHONEOS_DEPLOYMENT_TARGET = 16.0;
				MTL_ENABLE_DEBUG_INFO = INCLUDE_SOURCE;
				MTL_FAST_MATH = YES;
				ONLY_ACTIVE_ARCH = YES;
				SDKROOT = iphoneos;
				SWIFT_ACTIVE_COMPILATION_CONDITIONS = DEBUG;
				SWIFT_OPTIMIZATION_LEVEL = "-Onone";
			};
			name = Debug;
		};
		087E32EA29DB22A6008ABE98 /* Release */ = {
			isa = XCBuildConfiguration;
			buildSettings = {
				ALWAYS_SEARCH_USER_PATHS = NO;
				CLANG_ANALYZER_NONNULL = YES;
				CLANG_ANALYZER_NUMBER_OBJECT_CONVERSION = YES_AGGRESSIVE;
				CLANG_CXX_LANGUAGE_STANDARD = "gnu++20";
				CLANG_ENABLE_MODULES = YES;
				CLANG_ENABLE_OBJC_ARC = YES;
				CLANG_ENABLE_OBJC_WEAK = YES;
				CLANG_WARN_BLOCK_CAPTURE_AUTORELEASING = YES;
				CLANG_WARN_BOOL_CONVERSION = YES;
				CLANG_WARN_COMMA = YES;
				CLANG_WARN_CONSTANT_CONVERSION = YES;
				CLANG_WARN_DEPRECATED_OBJC_IMPLEMENTATIONS = YES;
				CLANG_WARN_DIRECT_OBJC_ISA_USAGE = YES_ERROR;
				CLANG_WARN_DOCUMENTATION_COMMENTS = YES;
				CLANG_WARN_EMPTY_BODY = YES;
				CLANG_WARN_ENUM_CONVERSION = YES;
				CLANG_WARN_INFINITE_RECURSION = YES;
				CLANG_WARN_INT_CONVERSION = YES;
				CLANG_WARN_NON_LITERAL_NULL_CONVERSION = YES;
				CLANG_WARN_OBJC_IMPLICIT_RETAIN_SELF = YES;
				CLANG_WARN_OBJC_LITERAL_CONVERSION = YES;
				CLANG_WARN_OBJC_ROOT_CLASS = YES_ERROR;
				CLANG_WARN_QUOTED_INCLUDE_IN_FRAMEWORK_HEADER = YES;
				CLANG_WARN_RANGE_LOOP_ANALYSIS = YES;
				CLANG_WARN_STRICT_PROTOTYPES = YES;
				CLANG_WARN_SUSPICIOUS_MOVE = YES;
				CLANG_WARN_UNGUARDED_AVAILABILITY = YES_AGGRESSIVE;
				CLANG_WARN_UNREACHABLE_CODE = YES;
				CLANG_WARN__DUPLICATE_METHOD_MATCH = YES;
				COPY_PHASE_STRIP = NO;
				DEBUG_INFORMATION_FORMAT = "dwarf-with-dsym";
				ENABLE_NS_ASSERTIONS = NO;
				ENABLE_STRICT_OBJC_MSGSEND = YES;
				GCC_C_LANGUAGE_STANDARD = gnu11;
				GCC_NO_COMMON_BLOCKS = YES;
				GCC_WARN_64_TO_32_BIT_CONVERSION = YES;
				GCC_WARN_ABOUT_RETURN_TYPE = YES_ERROR;
				GCC_WARN_UNDECLARED_SELECTOR = YES;
				GCC_WARN_UNINITIALIZED_AUTOS = YES_AGGRESSIVE;
				GCC_WARN_UNUSED_FUNCTION = YES;
				GCC_WARN_UNUSED_VARIABLE = YES;
				IPHONEOS_DEPLOYMENT_TARGET = 16.0;
				MTL_ENABLE_DEBUG_INFO = NO;
				MTL_FAST_MATH = YES;
				SDKROOT = iphoneos;
				SWIFT_COMPILATION_MODE = wholemodule;
				SWIFT_OPTIMIZATION_LEVEL = "-O";
				VALIDATE_PRODUCT = YES;
			};
			name = Release;
		};
		087E32EC29DB22A6008ABE98 /* Debug */ = {
			isa = XCBuildConfiguration;
			buildSettings = {
				ASSETCATALOG_COMPILER_APPICON_NAME = AppIcon;
				ASSETCATALOG_COMPILER_GLOBAL_ACCENT_COLOR_NAME = AccentColor;
				CODE_SIGN_STYLE = Automatic;
				CURRENT_PROJECT_VERSION = 1;
				DEVELOPMENT_ASSET_PATHS = "\"Baluchon/Presentation/Preview Content\"";
				DEVELOPMENT_TEAM = MC9L8ULM7A;
				ENABLE_PREVIEWS = YES;
				GENERATE_INFOPLIST_FILE = YES;
				INFOPLIST_FILE = Baluchon/Application/Info.plist;
				INFOPLIST_KEY_UIApplicationSceneManifest_Generation = YES;
				INFOPLIST_KEY_UIApplicationSupportsIndirectInputEvents = YES;
				INFOPLIST_KEY_UILaunchScreen_Generation = YES;
				INFOPLIST_KEY_UISupportedInterfaceOrientations = UIInterfaceOrientationPortrait;
				LD_RUNPATH_SEARCH_PATHS = (
					"$(inherited)",
					"@executable_path/Frameworks",
				);
				MARKETING_VERSION = 1.0;
				PRODUCT_BUNDLE_IDENTIFIER = OpenClassrooms.Baluchon;
				PRODUCT_NAME = "$(TARGET_NAME)";
				SWIFT_EMIT_LOC_STRINGS = YES;
				SWIFT_VERSION = 5.0;
				TARGETED_DEVICE_FAMILY = "1,2";
			};
			name = Debug;
		};
		087E32ED29DB22A6008ABE98 /* Release */ = {
			isa = XCBuildConfiguration;
			buildSettings = {
				ASSETCATALOG_COMPILER_APPICON_NAME = AppIcon;
				ASSETCATALOG_COMPILER_GLOBAL_ACCENT_COLOR_NAME = AccentColor;
				CODE_SIGN_STYLE = Automatic;
				CURRENT_PROJECT_VERSION = 1;
				DEVELOPMENT_ASSET_PATHS = "\"Baluchon/Presentation/Preview Content\"";
				DEVELOPMENT_TEAM = MC9L8ULM7A;
				ENABLE_PREVIEWS = YES;
				GENERATE_INFOPLIST_FILE = YES;
				INFOPLIST_FILE = Baluchon/Application/Info.plist;
				INFOPLIST_KEY_UIApplicationSceneManifest_Generation = YES;
				INFOPLIST_KEY_UIApplicationSupportsIndirectInputEvents = YES;
				INFOPLIST_KEY_UILaunchScreen_Generation = YES;
				INFOPLIST_KEY_UISupportedInterfaceOrientations = UIInterfaceOrientationPortrait;
				LD_RUNPATH_SEARCH_PATHS = (
					"$(inherited)",
					"@executable_path/Frameworks",
				);
				MARKETING_VERSION = 1.0;
				PRODUCT_BUNDLE_IDENTIFIER = OpenClassrooms.Baluchon;
				PRODUCT_NAME = "$(TARGET_NAME)";
				SWIFT_EMIT_LOC_STRINGS = YES;
				SWIFT_VERSION = 5.0;
				TARGETED_DEVICE_FAMILY = "1,2";
			};
			name = Release;
		};
		087E32EF29DB22A6008ABE98 /* Debug */ = {
			isa = XCBuildConfiguration;
			buildSettings = {
				ALWAYS_EMBED_SWIFT_STANDARD_LIBRARIES = YES;
				BUNDLE_LOADER = "$(TEST_HOST)";
				CODE_SIGN_STYLE = Automatic;
				CURRENT_PROJECT_VERSION = 1;
				DEVELOPMENT_TEAM = MC9L8ULM7A;
				GENERATE_INFOPLIST_FILE = YES;
				IPHONEOS_DEPLOYMENT_TARGET = 16.0;
				MARKETING_VERSION = 1.0;
				PRODUCT_BUNDLE_IDENTIFIER = OpenClassrooms.BaluchonTests;
				PRODUCT_NAME = "$(TARGET_NAME)";
				SWIFT_EMIT_LOC_STRINGS = NO;
				SWIFT_VERSION = 5.0;
				TARGETED_DEVICE_FAMILY = "1,2";
				TEST_HOST = "$(BUILT_PRODUCTS_DIR)/Baluchon.app/$(BUNDLE_EXECUTABLE_FOLDER_PATH)/Baluchon";
			};
			name = Debug;
		};
		087E32F029DB22A6008ABE98 /* Release */ = {
			isa = XCBuildConfiguration;
			buildSettings = {
				ALWAYS_EMBED_SWIFT_STANDARD_LIBRARIES = YES;
				BUNDLE_LOADER = "$(TEST_HOST)";
				CODE_SIGN_STYLE = Automatic;
				CURRENT_PROJECT_VERSION = 1;
				DEVELOPMENT_TEAM = MC9L8ULM7A;
				GENERATE_INFOPLIST_FILE = YES;
				IPHONEOS_DEPLOYMENT_TARGET = 16.0;
				MARKETING_VERSION = 1.0;
				PRODUCT_BUNDLE_IDENTIFIER = OpenClassrooms.BaluchonTests;
				PRODUCT_NAME = "$(TARGET_NAME)";
				SWIFT_EMIT_LOC_STRINGS = NO;
				SWIFT_VERSION = 5.0;
				TARGETED_DEVICE_FAMILY = "1,2";
				TEST_HOST = "$(BUILT_PRODUCTS_DIR)/Baluchon.app/$(BUNDLE_EXECUTABLE_FOLDER_PATH)/Baluchon";
			};
			name = Release;
		};
		087E32F229DB22A6008ABE98 /* Debug */ = {
			isa = XCBuildConfiguration;
			buildSettings = {
				ALWAYS_EMBED_SWIFT_STANDARD_LIBRARIES = YES;
				CODE_SIGN_STYLE = Automatic;
				CURRENT_PROJECT_VERSION = 1;
				DEVELOPMENT_TEAM = MC9L8ULM7A;
				GENERATE_INFOPLIST_FILE = YES;
				MARKETING_VERSION = 1.0;
				PRODUCT_BUNDLE_IDENTIFIER = OpenClassrooms.BaluchonUITests;
				PRODUCT_NAME = "$(TARGET_NAME)";
				SWIFT_EMIT_LOC_STRINGS = NO;
				SWIFT_VERSION = 5.0;
				TARGETED_DEVICE_FAMILY = "1,2";
				TEST_TARGET_NAME = Baluchon;
			};
			name = Debug;
		};
		087E32F329DB22A6008ABE98 /* Release */ = {
			isa = XCBuildConfiguration;
			buildSettings = {
				ALWAYS_EMBED_SWIFT_STANDARD_LIBRARIES = YES;
				CODE_SIGN_STYLE = Automatic;
				CURRENT_PROJECT_VERSION = 1;
				DEVELOPMENT_TEAM = MC9L8ULM7A;
				GENERATE_INFOPLIST_FILE = YES;
				MARKETING_VERSION = 1.0;
				PRODUCT_BUNDLE_IDENTIFIER = OpenClassrooms.BaluchonUITests;
				PRODUCT_NAME = "$(TARGET_NAME)";
				SWIFT_EMIT_LOC_STRINGS = NO;
				SWIFT_VERSION = 5.0;
				TARGETED_DEVICE_FAMILY = "1,2";
				TEST_TARGET_NAME = Baluchon;
			};
			name = Release;
		};
/* End XCBuildConfiguration section */

/* Begin XCConfigurationList section */
		087E32C229DB22A0008ABE98 /* Build configuration list for PBXProject "Baluchon" */ = {
			isa = XCConfigurationList;
			buildConfigurations = (
				087E32E929DB22A6008ABE98 /* Debug */,
				087E32EA29DB22A6008ABE98 /* Release */,
			);
			defaultConfigurationIsVisible = 0;
			defaultConfigurationName = Release;
		};
		087E32EB29DB22A6008ABE98 /* Build configuration list for PBXNativeTarget "Baluchon" */ = {
			isa = XCConfigurationList;
			buildConfigurations = (
				087E32EC29DB22A6008ABE98 /* Debug */,
				087E32ED29DB22A6008ABE98 /* Release */,
			);
			defaultConfigurationIsVisible = 0;
			defaultConfigurationName = Release;
		};
		087E32EE29DB22A6008ABE98 /* Build configuration list for PBXNativeTarget "BaluchonTests" */ = {
			isa = XCConfigurationList;
			buildConfigurations = (
				087E32EF29DB22A6008ABE98 /* Debug */,
				087E32F029DB22A6008ABE98 /* Release */,
			);
			defaultConfigurationIsVisible = 0;
			defaultConfigurationName = Release;
		};
		087E32F129DB22A6008ABE98 /* Build configuration list for PBXNativeTarget "BaluchonUITests" */ = {
			isa = XCConfigurationList;
			buildConfigurations = (
				087E32F229DB22A6008ABE98 /* Debug */,
				087E32F329DB22A6008ABE98 /* Release */,
			);
			defaultConfigurationIsVisible = 0;
			defaultConfigurationName = Release;
		};
/* End XCConfigurationList section */
	};
	rootObject = 087E32BF29DB22A0008ABE98 /* Project object */;
}
